
Microsoft Visual Studio Solution File, Format Version 12.00
# Visual Studio Version 17
VisualStudioVersion = 17.4.33110.190
MinimumVisualStudioVersion = 10.0.40219.1
Project("{FAE04EC0-301F-11D3-BF4B-00C04F79EFBC}") = "1145", "1145\1145.csproj", "{2F348AA8-D0B8-4158-B5A1-49F30F7771FD}"
EndProject
Global
	GlobalSection(SolutionConfigurationPlatforms) = preSolution
		Debug|Any CPU = Debug|Any CPU
		Release|Any CPU = Release|Any CPU
	EndGlobalSection
	GlobalSection(ProjectConfigurationPlatforms) = postSolution
		{2F348AA8-D0B8-4158-B5A1-49F30F7771FD}.Debug|Any CPU.ActiveCfg = Debug|Any CPU
		{2F348AA8-D0B8-4158-B5A1-49F30F7771FD}.Debug|Any CPU.Build.0 = Debug|Any CPU
		{2F348AA8-D0B8-4158-B5A1-49F30F7771FD}.Release|Any CPU.ActiveCfg = Release|Any CPU
		{2F348AA8-D0B8-4158-B5A1-49F30F7771FD}.Release|Any CPU.Build.0 = Release|Any CPU
	EndGlobalSection
	GlobalSection(SolutionProperties) = preSolution
		HideSolutionNode = FALSE
	EndGlobalSection
	GlobalSection(ExtensibilityGlobals) = postSolution
		SolutionGuid = {75439864-69D6-4348-A193-7E6A54C248FB}
	EndGlobalSection
EndGlobal
