
Microsoft Visual Studio Solution File, Format Version 12.00
# Visual Studio Version 17
VisualStudioVersion = 17.4.33110.190
MinimumVisualStudioVersion = 10.0.40219.1
Project("{FAE04EC0-301F-11D3-BF4B-00C04F79EFBC}") = "1159", "1159\1159.csproj", "{89EEED44-B3A9-4158-8B00-1F076D8B3598}"
EndProject
Global
	GlobalSection(SolutionConfigurationPlatforms) = preSolution
		Debug|Any CPU = Debug|Any CPU
		Release|Any CPU = Release|Any CPU
	EndGlobalSection
	GlobalSection(ProjectConfigurationPlatforms) = postSolution
		{89EEED44-B3A9-4158-8B00-1F076D8B3598}.Debug|Any CPU.ActiveCfg = Debug|Any CPU
		{89EEED44-B3A9-4158-8B00-1F076D8B3598}.Debug|Any CPU.Build.0 = Debug|Any CPU
		{89EEED44-B3A9-4158-8B00-1F076D8B3598}.Release|Any CPU.ActiveCfg = Release|Any CPU
		{89EEED44-B3A9-4158-8B00-1F076D8B3598}.Release|Any CPU.Build.0 = Release|Any CPU
	EndGlobalSection
	GlobalSection(SolutionProperties) = preSolution
		HideSolutionNode = FALSE
	EndGlobalSection
	GlobalSection(ExtensibilityGlobals) = postSolution
		SolutionGuid = {09327D8C-D7D1-4365-BE94-4A9C80167F15}
	EndGlobalSection
EndGlobal
