
Microsoft Visual Studio Solution File, Format Version 12.00
# Visual Studio Version 17
VisualStudioVersion = 17.4.33110.190
MinimumVisualStudioVersion = 10.0.40219.1
Project("{FAE04EC0-301F-11D3-BF4B-00C04F79EFBC}") = "1043", "1043\1043.csproj", "{D2DF284A-3EA6-4163-834D-C505C447A901}"
EndProject
Global
	GlobalSection(SolutionConfigurationPlatforms) = preSolution
		Debug|Any CPU = Debug|Any CPU
		Release|Any CPU = Release|Any CPU
	EndGlobalSection
	GlobalSection(ProjectConfigurationPlatforms) = postSolution
		{D2DF284A-3EA6-4163-834D-C505C447A901}.Debug|Any CPU.ActiveCfg = Debug|Any CPU
		{D2DF284A-3EA6-4163-834D-C505C447A901}.Debug|Any CPU.Build.0 = Debug|Any CPU
		{D2DF284A-3EA6-4163-834D-C505C447A901}.Release|Any CPU.ActiveCfg = Release|Any CPU
		{D2DF284A-3EA6-4163-834D-C505C447A901}.Release|Any CPU.Build.0 = Release|Any CPU
	EndGlobalSection
	GlobalSection(SolutionProperties) = preSolution
		HideSolutionNode = FALSE
	EndGlobalSection
	GlobalSection(ExtensibilityGlobals) = postSolution
		SolutionGuid = {4E8CA0BD-1D50-43CF-94B8-2724A594639E}
	EndGlobalSection
EndGlobal
