
Microsoft Visual Studio Solution File, Format Version 12.00
# Visual Studio Version 17
VisualStudioVersion = 17.4.33110.190
MinimumVisualStudioVersion = 10.0.40219.1
Project("{FAE04EC0-301F-11D3-BF4B-00C04F79EFBC}") = "1074", "1074\1074.csproj", "{F8BF3839-206E-43DE-A39C-1230E7CF0AA9}"
EndProject
Global
	GlobalSection(SolutionConfigurationPlatforms) = preSolution
		Debug|Any CPU = Debug|Any CPU
		Release|Any CPU = Release|Any CPU
	EndGlobalSection
	GlobalSection(ProjectConfigurationPlatforms) = postSolution
		{F8BF3839-206E-43DE-A39C-1230E7CF0AA9}.Debug|Any CPU.ActiveCfg = Debug|Any CPU
		{F8BF3839-206E-43DE-A39C-1230E7CF0AA9}.Debug|Any CPU.Build.0 = Debug|Any CPU
		{F8BF3839-206E-43DE-A39C-1230E7CF0AA9}.Release|Any CPU.ActiveCfg = Release|Any CPU
		{F8BF3839-206E-43DE-A39C-1230E7CF0AA9}.Release|Any CPU.Build.0 = Release|Any CPU
	EndGlobalSection
	GlobalSection(SolutionProperties) = preSolution
		HideSolutionNode = FALSE
	EndGlobalSection
	GlobalSection(ExtensibilityGlobals) = postSolution
		SolutionGuid = {62BD06D0-2364-46AD-A1F6-98F141E0EB81}
	EndGlobalSection
EndGlobal
