
Microsoft Visual Studio Solution File, Format Version 12.00
# Visual Studio Version 17
VisualStudioVersion = 17.4.33110.190
MinimumVisualStudioVersion = 10.0.40219.1
Project("{FAE04EC0-301F-11D3-BF4B-00C04F79EFBC}") = "1151", "1151\1151.csproj", "{AAB71950-0017-412A-9736-71CA541DE602}"
EndProject
Global
	GlobalSection(SolutionConfigurationPlatforms) = preSolution
		Debug|Any CPU = Debug|Any CPU
		Release|Any CPU = Release|Any CPU
	EndGlobalSection
	GlobalSection(ProjectConfigurationPlatforms) = postSolution
		{AAB71950-0017-412A-9736-71CA541DE602}.Debug|Any CPU.ActiveCfg = Debug|Any CPU
		{AAB71950-0017-412A-9736-71CA541DE602}.Debug|Any CPU.Build.0 = Debug|Any CPU
		{AAB71950-0017-412A-9736-71CA541DE602}.Release|Any CPU.ActiveCfg = Release|Any CPU
		{AAB71950-0017-412A-9736-71CA541DE602}.Release|Any CPU.Build.0 = Release|Any CPU
	EndGlobalSection
	GlobalSection(SolutionProperties) = preSolution
		HideSolutionNode = FALSE
	EndGlobalSection
	GlobalSection(ExtensibilityGlobals) = postSolution
		SolutionGuid = {00980CB6-FF6F-48EC-85EA-1FB3C89BFB91}
	EndGlobalSection
EndGlobal
